
Microsoft Visual Studio Solution File, Format Version 12.00
# Visual Studio Version 16
VisualStudioVersion = 16.0.809.4
MinimumVisualStudioVersion = 10.0.40219.1
Project("{FAE04EC0-301F-11D3-BF4B-00C04F79EFBC}") = "peliculasAPI", "peliculasAPI\peliculasAPI.csproj", "{DFE9F840-6A0E-4A85-AB03-7C7E4568E414}"
EndProject
Global
	GlobalSection(SolutionConfigurationPlatforms) = preSolution
		Debug|Any CPU = Debug|Any CPU
		Release|Any CPU = Release|Any CPU
	EndGlobalSection
	GlobalSection(ProjectConfigurationPlatforms) = postSolution
		{DFE9F840-6A0E-4A85-AB03-7C7E4568E414}.Debug|Any CPU.ActiveCfg = Debug|Any CPU
		{DFE9F840-6A0E-4A85-AB03-7C7E4568E414}.Debug|Any CPU.Build.0 = Debug|Any CPU
		{DFE9F840-6A0E-4A85-AB03-7C7E4568E414}.Release|Any CPU.ActiveCfg = Release|Any CPU
		{DFE9F840-6A0E-4A85-AB03-7C7E4568E414}.Release|Any CPU.Build.0 = Release|Any CPU
	EndGlobalSection
	GlobalSection(SolutionProperties) = preSolution
		HideSolutionNode = FALSE
	EndGlobalSection
	GlobalSection(ExtensibilityGlobals) = postSolution
		SolutionGuid = {95A501FC-53CC-4DA8-8F4D-C512DD6D3D5C}
	EndGlobalSection
EndGlobal
